[ "ecto": {:git, "git://github.com/elixir-lang/ecto.git", "b0d9d32e7304a2b0b58a3b0d1660add74fd00807", []},
  "poolboy": {:git, "git://github.com/devinus/poolboy.git", "c2c939b51aba06790ca51fa78b14c254a6ea977d", []},
  "postgrex": {:git, "git://github.com/ericmj/postgrex.git", "a412bf917b291a69d945b89eab1cea2cdedc3faa", []} ]
